{
    "version": 3,
    "terraform_version": "0.9.5",
    "serial": 16,
    "lineage": "a0ed8413-a238-41db-ac72-e96af15db17b",
    "modules": [
        {
            "path": [
                "root"
            ],
            "outputs": {},
            "resources": {
                "aws_route53_zone.gr8conf_domain": {
                    "type": "aws_route53_zone",
                    "depends_on": [],
                    "primary": {
                        "id": "Z3MJYY89II3IUP",
                        "attributes": {
                            "comment": "Managed by Terraform",
                            "force_destroy": "false",
                            "id": "Z3MJYY89II3IUP",
                            "name": "grydeske.org",
                            "name_servers.#": "4",
                            "name_servers.0": "ns-1447.awsdns-52.org",
                            "name_servers.1": "ns-1757.awsdns-27.co.uk",
                            "name_servers.2": "ns-200.awsdns-25.com",
                            "name_servers.3": "ns-697.awsdns-23.net",
                            "tags.%": "0",
                            "zone_id": "Z3MJYY89II3IUP"
                        },
                        "meta": {},
                        "tainted": false
                    },
                    "deposed": [],
                    "provider": ""
                }
            },
            "depends_on": []
        },
        {
            "path": [
                "root",
                "hosts"
            ],
            "outputs": {},
            "resources": {},
            "depends_on": []
        },
        {
            "path": [
                "root",
                "vpc"
            ],
            "outputs": {
                "database_subnets": {
                    "sensitive": false,
                    "type": "list",
                    "value": []
                },
                "elasticache_subnets": {
                    "sensitive": false,
                    "type": "list",
                    "value": []
                }
            },
            "resources": {},
            "depends_on": []
        }
    ]
}
